
Microsoft Visual Studio Solution File, Format Version 12.00
# Visual Studio 2012
Project("{FAE04EC0-301F-11D3-BF4B-00C04F79EFBC}") = "RoboticArmMWC2016", "RoboticArmMWC2016\RoboticArmMWC2016.csproj", "{B13340BA-CE95-47A5-8F2A-09AB87B6E522}"
EndProject
Project("{FAE04EC0-301F-11D3-BF4B-00C04F79EFBC}") = "MotionDetection", "MotionDetection\MotionDetection.csproj", "{A9459274-C5D2-4274-8C96-6CCBC8B9EFA4}"
EndProject
Project("{FAE04EC0-301F-11D3-BF4B-00C04F79EFBC}") = "TestProject1", "TestProject1\TestProject1.csproj", "{D6994D56-D6AE-4060-BA31-FA0B589FF8E6}"
EndProject
Project("{2150E333-8FDC-42A3-9474-1A3956D46DE8}") = "Solution Items", "Solution Items", "{8E69EFB7-997E-4492-9F66-4326FE2EC702}"
	ProjectSection(SolutionItems) = preProject
		Local.testsettings = Local.testsettings
		RoboticArmMWC2016.vsmdi = RoboticArmMWC2016.vsmdi
		TraceAndTestImpact.testsettings = TraceAndTestImpact.testsettings
	EndProjectSection
EndProject
Project("{FAE04EC0-301F-11D3-BF4B-00C04F79EFBC}") = "Helpers", "Helpers\Helpers.csproj", "{5777E1DC-3A49-4628-BEF1-9BB66C51B047}"
EndProject
Project("{FAE04EC0-301F-11D3-BF4B-00C04F79EFBC}") = "ClientDLL", "SocketClientDLL\ClientDLL.csproj", "{07E1D099-5FBD-4AA2-B24B-289BDCA0B7A5}"
EndProject
Project("{FAE04EC0-301F-11D3-BF4B-00C04F79EFBC}") = "RoboticArm", "ArmController\RoboticArm.csproj", "{20CB630B-8C9B-417F-975A-6321AE880E4A}"
EndProject
Project("{FAE04EC0-301F-11D3-BF4B-00C04F79EFBC}") = "ServerDLL", "ServerDLL\ServerDLL.csproj", "{7A5748D4-46B1-4649-BF7D-94B790E84410}"
EndProject
Project("{FAE04EC0-301F-11D3-BF4B-00C04F79EFBC}") = "TUIO_LIB", "TUIO\TUIO_LIB.csproj", "{3CBF7D4A-CE06-490D-80DA-580D02C268DE}"
EndProject
Project("{FAE04EC0-301F-11D3-BF4B-00C04F79EFBC}") = "UDPDLL", "UDPDLL\UDPDLL.csproj", "{DA19A733-C3F7-444B-B5AC-9176634FE9B0}"
EndProject
Global
	GlobalSection(TestCaseManagementSettings) = postSolution
		CategoryFile = RoboticArmMWC2016.vsmdi
	EndGlobalSection
	GlobalSection(SolutionConfigurationPlatforms) = preSolution
		Debug|Any CPU = Debug|Any CPU
		Debug|Mixed Platforms = Debug|Mixed Platforms
		Debug|x86 = Debug|x86
		Release|Any CPU = Release|Any CPU
		Release|Mixed Platforms = Release|Mixed Platforms
		Release|x86 = Release|x86
	EndGlobalSection
	GlobalSection(ProjectConfigurationPlatforms) = postSolution
		{B13340BA-CE95-47A5-8F2A-09AB87B6E522}.Debug|Any CPU.ActiveCfg = Debug|x86
		{B13340BA-CE95-47A5-8F2A-09AB87B6E522}.Debug|Mixed Platforms.ActiveCfg = Debug|x86
		{B13340BA-CE95-47A5-8F2A-09AB87B6E522}.Debug|Mixed Platforms.Build.0 = Debug|x86
		{B13340BA-CE95-47A5-8F2A-09AB87B6E522}.Debug|x86.ActiveCfg = Debug|x86
		{B13340BA-CE95-47A5-8F2A-09AB87B6E522}.Debug|x86.Build.0 = Debug|x86
		{B13340BA-CE95-47A5-8F2A-09AB87B6E522}.Release|Any CPU.ActiveCfg = Release|x86
		{B13340BA-CE95-47A5-8F2A-09AB87B6E522}.Release|Mixed Platforms.ActiveCfg = Release|x86
		{B13340BA-CE95-47A5-8F2A-09AB87B6E522}.Release|Mixed Platforms.Build.0 = Release|x86
		{B13340BA-CE95-47A5-8F2A-09AB87B6E522}.Release|x86.ActiveCfg = Release|x86
		{B13340BA-CE95-47A5-8F2A-09AB87B6E522}.Release|x86.Build.0 = Release|x86
		{A9459274-C5D2-4274-8C96-6CCBC8B9EFA4}.Debug|Any CPU.ActiveCfg = Debug|Any CPU
		{A9459274-C5D2-4274-8C96-6CCBC8B9EFA4}.Debug|Any CPU.Build.0 = Debug|Any CPU
		{A9459274-C5D2-4274-8C96-6CCBC8B9EFA4}.Debug|Mixed Platforms.ActiveCfg = Debug|Any CPU
		{A9459274-C5D2-4274-8C96-6CCBC8B9EFA4}.Debug|Mixed Platforms.Build.0 = Debug|Any CPU
		{A9459274-C5D2-4274-8C96-6CCBC8B9EFA4}.Debug|x86.ActiveCfg = Debug|Any CPU
		{A9459274-C5D2-4274-8C96-6CCBC8B9EFA4}.Release|Any CPU.ActiveCfg = Release|Any CPU
		{A9459274-C5D2-4274-8C96-6CCBC8B9EFA4}.Release|Any CPU.Build.0 = Release|Any CPU
		{A9459274-C5D2-4274-8C96-6CCBC8B9EFA4}.Release|Mixed Platforms.ActiveCfg = Release|Any CPU
		{A9459274-C5D2-4274-8C96-6CCBC8B9EFA4}.Release|Mixed Platforms.Build.0 = Release|Any CPU
		{A9459274-C5D2-4274-8C96-6CCBC8B9EFA4}.Release|x86.ActiveCfg = Release|Any CPU
		{D6994D56-D6AE-4060-BA31-FA0B589FF8E6}.Debug|Any CPU.ActiveCfg = Debug|Any CPU
		{D6994D56-D6AE-4060-BA31-FA0B589FF8E6}.Debug|Any CPU.Build.0 = Debug|Any CPU
		{D6994D56-D6AE-4060-BA31-FA0B589FF8E6}.Debug|Mixed Platforms.ActiveCfg = Debug|Any CPU
		{D6994D56-D6AE-4060-BA31-FA0B589FF8E6}.Debug|Mixed Platforms.Build.0 = Debug|Any CPU
		{D6994D56-D6AE-4060-BA31-FA0B589FF8E6}.Debug|x86.ActiveCfg = Debug|Any CPU
		{D6994D56-D6AE-4060-BA31-FA0B589FF8E6}.Release|Any CPU.ActiveCfg = Release|Any CPU
		{D6994D56-D6AE-4060-BA31-FA0B589FF8E6}.Release|Any CPU.Build.0 = Release|Any CPU
		{D6994D56-D6AE-4060-BA31-FA0B589FF8E6}.Release|Mixed Platforms.ActiveCfg = Release|Any CPU
		{D6994D56-D6AE-4060-BA31-FA0B589FF8E6}.Release|Mixed Platforms.Build.0 = Release|Any CPU
		{D6994D56-D6AE-4060-BA31-FA0B589FF8E6}.Release|x86.ActiveCfg = Release|Any CPU
		{5777E1DC-3A49-4628-BEF1-9BB66C51B047}.Debug|Any CPU.ActiveCfg = Debug|Any CPU
		{5777E1DC-3A49-4628-BEF1-9BB66C51B047}.Debug|Any CPU.Build.0 = Debug|Any CPU
		{5777E1DC-3A49-4628-BEF1-9BB66C51B047}.Debug|Mixed Platforms.ActiveCfg = Debug|Any CPU
		{5777E1DC-3A49-4628-BEF1-9BB66C51B047}.Debug|Mixed Platforms.Build.0 = Debug|Any CPU
		{5777E1DC-3A49-4628-BEF1-9BB66C51B047}.Debug|x86.ActiveCfg = Debug|Any CPU
		{5777E1DC-3A49-4628-BEF1-9BB66C51B047}.Release|Any CPU.ActiveCfg = Release|Any CPU
		{5777E1DC-3A49-4628-BEF1-9BB66C51B047}.Release|Any CPU.Build.0 = Release|Any CPU
		{5777E1DC-3A49-4628-BEF1-9BB66C51B047}.Release|Mixed Platforms.ActiveCfg = Release|Any CPU
		{5777E1DC-3A49-4628-BEF1-9BB66C51B047}.Release|Mixed Platforms.Build.0 = Release|Any CPU
		{5777E1DC-3A49-4628-BEF1-9BB66C51B047}.Release|x86.ActiveCfg = Release|Any CPU
		{07E1D099-5FBD-4AA2-B24B-289BDCA0B7A5}.Debug|Any CPU.ActiveCfg = Debug|Any CPU
		{07E1D099-5FBD-4AA2-B24B-289BDCA0B7A5}.Debug|Any CPU.Build.0 = Debug|Any CPU
		{07E1D099-5FBD-4AA2-B24B-289BDCA0B7A5}.Debug|Mixed Platforms.ActiveCfg = Debug|Any CPU
		{07E1D099-5FBD-4AA2-B24B-289BDCA0B7A5}.Debug|Mixed Platforms.Build.0 = Debug|Any CPU
		{07E1D099-5FBD-4AA2-B24B-289BDCA0B7A5}.Debug|x86.ActiveCfg = Debug|Any CPU
		{07E1D099-5FBD-4AA2-B24B-289BDCA0B7A5}.Release|Any CPU.ActiveCfg = Release|Any CPU
		{07E1D099-5FBD-4AA2-B24B-289BDCA0B7A5}.Release|Any CPU.Build.0 = Release|Any CPU
		{07E1D099-5FBD-4AA2-B24B-289BDCA0B7A5}.Release|Mixed Platforms.ActiveCfg = Release|Any CPU
		{07E1D099-5FBD-4AA2-B24B-289BDCA0B7A5}.Release|Mixed Platforms.Build.0 = Release|Any CPU
		{07E1D099-5FBD-4AA2-B24B-289BDCA0B7A5}.Release|x86.ActiveCfg = Release|Any CPU
		{20CB630B-8C9B-417F-975A-6321AE880E4A}.Debug|Any CPU.ActiveCfg = Debug|Any CPU
		{20CB630B-8C9B-417F-975A-6321AE880E4A}.Debug|Any CPU.Build.0 = Debug|Any CPU
		{20CB630B-8C9B-417F-975A-6321AE880E4A}.Debug|Mixed Platforms.ActiveCfg = Debug|Any CPU
		{20CB630B-8C9B-417F-975A-6321AE880E4A}.Debug|Mixed Platforms.Build.0 = Debug|Any CPU
		{20CB630B-8C9B-417F-975A-6321AE880E4A}.Debug|x86.ActiveCfg = Debug|Any CPU
		{20CB630B-8C9B-417F-975A-6321AE880E4A}.Release|Any CPU.ActiveCfg = Release|Any CPU
		{20CB630B-8C9B-417F-975A-6321AE880E4A}.Release|Any CPU.Build.0 = Release|Any CPU
		{20CB630B-8C9B-417F-975A-6321AE880E4A}.Release|Mixed Platforms.ActiveCfg = Release|Any CPU
		{20CB630B-8C9B-417F-975A-6321AE880E4A}.Release|Mixed Platforms.Build.0 = Release|Any CPU
		{20CB630B-8C9B-417F-975A-6321AE880E4A}.Release|x86.ActiveCfg = Release|Any CPU
		{7A5748D4-46B1-4649-BF7D-94B790E84410}.Debug|Any CPU.ActiveCfg = Debug|Any CPU
		{7A5748D4-46B1-4649-BF7D-94B790E84410}.Debug|Any CPU.Build.0 = Debug|Any CPU
		{7A5748D4-46B1-4649-BF7D-94B790E84410}.Debug|Mixed Platforms.ActiveCfg = Debug|Any CPU
		{7A5748D4-46B1-4649-BF7D-94B790E84410}.Debug|Mixed Platforms.Build.0 = Debug|Any CPU
		{7A5748D4-46B1-4649-BF7D-94B790E84410}.Debug|x86.ActiveCfg = Debug|Any CPU
		{7A5748D4-46B1-4649-BF7D-94B790E84410}.Release|Any CPU.ActiveCfg = Release|Any CPU
		{7A5748D4-46B1-4649-BF7D-94B790E84410}.Release|Any CPU.Build.0 = Release|Any CPU
		{7A5748D4-46B1-4649-BF7D-94B790E84410}.Release|Mixed Platforms.ActiveCfg = Release|Any CPU
		{7A5748D4-46B1-4649-BF7D-94B790E84410}.Release|Mixed Platforms.Build.0 = Release|Any CPU
		{7A5748D4-46B1-4649-BF7D-94B790E84410}.Release|x86.ActiveCfg = Release|Any CPU
		{3CBF7D4A-CE06-490D-80DA-580D02C268DE}.Debug|Any CPU.ActiveCfg = Debug|Any CPU
		{3CBF7D4A-CE06-490D-80DA-580D02C268DE}.Debug|Any CPU.Build.0 = Debug|Any CPU
		{3CBF7D4A-CE06-490D-80DA-580D02C268DE}.Debug|Mixed Platforms.ActiveCfg = Debug|Any CPU
		{3CBF7D4A-CE06-490D-80DA-580D02C268DE}.Debug|Mixed Platforms.Build.0 = Debug|Any CPU
		{3CBF7D4A-CE06-490D-80DA-580D02C268DE}.Debug|x86.ActiveCfg = Debug|Any CPU
		{3CBF7D4A-CE06-490D-80DA-580D02C268DE}.Release|Any CPU.ActiveCfg = Release|Any CPU
		{3CBF7D4A-CE06-490D-80DA-580D02C268DE}.Release|Any CPU.Build.0 = Release|Any CPU
		{3CBF7D4A-CE06-490D-80DA-580D02C268DE}.Release|Mixed Platforms.ActiveCfg = Release|Any CPU
		{3CBF7D4A-CE06-490D-80DA-580D02C268DE}.Release|Mixed Platforms.Build.0 = Release|Any CPU
		{3CBF7D4A-CE06-490D-80DA-580D02C268DE}.Release|x86.ActiveCfg = Release|Any CPU
		{DA19A733-C3F7-444B-B5AC-9176634FE9B0}.Debug|Any CPU.ActiveCfg = Debug|Any CPU
		{DA19A733-C3F7-444B-B5AC-9176634FE9B0}.Debug|Any CPU.Build.0 = Debug|Any CPU
		{DA19A733-C3F7-444B-B5AC-9176634FE9B0}.Debug|Mixed Platforms.ActiveCfg = Debug|Any CPU
		{DA19A733-C3F7-444B-B5AC-9176634FE9B0}.Debug|Mixed Platforms.Build.0 = Debug|Any CPU
		{DA19A733-C3F7-444B-B5AC-9176634FE9B0}.Debug|x86.ActiveCfg = Debug|Any CPU
		{DA19A733-C3F7-444B-B5AC-9176634FE9B0}.Release|Any CPU.ActiveCfg = Release|Any CPU
		{DA19A733-C3F7-444B-B5AC-9176634FE9B0}.Release|Any CPU.Build.0 = Release|Any CPU
		{DA19A733-C3F7-444B-B5AC-9176634FE9B0}.Release|Mixed Platforms.ActiveCfg = Release|Any CPU
		{DA19A733-C3F7-444B-B5AC-9176634FE9B0}.Release|Mixed Platforms.Build.0 = Release|Any CPU
		{DA19A733-C3F7-444B-B5AC-9176634FE9B0}.Release|x86.ActiveCfg = Release|Any CPU
	EndGlobalSection
	GlobalSection(SolutionProperties) = preSolution
		HideSolutionNode = FALSE
	EndGlobalSection
EndGlobal
